{
  "version": 2,
  "packages": {
    "hwylterm": {
      "version": "0.1.0",
      "vcsRevision": "3f19c64a7429e03d755cc53e002e7e70fbe17950",
      "url": "https://github.com/daylinmorgan/hwylterm",
      "downloadMethod": "git",
      "dependencies": [],
      "checksums": {
        "sha1": "9bd2593cb81e418890db4ce533e8109d5368ae11"
      }
    },
    "usu": {
      "version": "0.1.0",
      "vcsRevision": "c113c6282178b874cc37ef70d2b2b2524849d277",
      "url": "https://github.com/usu-dev/usu-nim",
      "downloadMethod": "git",
      "dependencies": [],
      "checksums": {
        "sha1": "9c635d33589badf49bd2ad7b4a4b848eb1698be3"
      }
    }
  },
  "tasks": {}
}
