{
  "version": 2,
  "packages": {
    "usu": {
      "version": "0.1.0",
      "vcsRevision": "c672b064c401f5cac0efa15264b02f893ce8717f",
      "url": "https://github.com/usu-dev/usu-nim",
      "downloadMethod": "git",
      "dependencies": [
        "nim"
      ],
      "checksums": {
        "sha1": "9d623f79ef09a3a9171f13ccfd1c22787c6ccb3f"
      }
    },
    "hwylterm": {
      "version": "0.3.0",
      "vcsRevision": "437c55998c1a738664d520ab831cbbfa96d5c2fd",
      "url": "https://github.com/daylinmorgan/hwylterm",
      "downloadMethod": "git",
      "dependencies": [
        "nim"
      ],
      "checksums": {
        "sha1": "2e6501b0bc5e2ea72c5dd571fdb4129163629b42"
      }
    }
  },
  "tasks": {}
}
